Microsoft Visual Studio Solution File, Format Version 11.00
# Visual Studio 2008

Project("{23B9BA6A-79A1-A93C-2BCA-4594EB9F02B4}") = "Gravedad", "Assembly-CSharp-firstpass.csproj", "{32BC8E73-E8D0-16D7-5ED0-76AAB03E04E1}"
EndProject
Project("{23B9BA6A-79A1-A93C-2BCA-4594EB9F02B4}") = "Gravedad", "Assembly-CSharp.csproj", "{1D6B679A-940A-D22D-8770-7260F130CA5F}"
EndProject
Project("{23B9BA6A-79A1-A93C-2BCA-4594EB9F02B4}") = "Gravedad", "Assembly-CSharp-Editor.csproj", "{325F1109-DA15-2CE8-59EF-457569F41ED8}"
EndProject
Project("{23B9BA6A-79A1-A93C-2BCA-4594EB9F02B4}") = "Gravedad", "Assembly-UnityScript-firstpass.unityproj", "{C7D944DB-76A5-17A9-2A68-B3B813FA20DD}"
EndProject
Project("{23B9BA6A-79A1-A93C-2BCA-4594EB9F02B4}") = "Gravedad", "Assembly-UnityScript.unityproj", "{9168C25C-E8C5-8C24-BAF4-B9EDFEC424A6}"
EndProject
Global
	GlobalSection(SolutionConfigurationPlatforms) = preSolution
		Debug|Any CPU = Debug|Any CPU
		Release|Any CPU = Release|Any CPU
	EndGlobalSection
	GlobalSection(ProjectConfigurationPlatforms) = postSolution
		{32BC8E73-E8D0-16D7-5ED0-76AAB03E04E1}.Debug|Any CPU.ActiveCfg = Debug|Any CPU
		{32BC8E73-E8D0-16D7-5ED0-76AAB03E04E1}.Debug|Any CPU.Build.0 = Debug|Any CPU
		{32BC8E73-E8D0-16D7-5ED0-76AAB03E04E1}.Release|Any CPU.ActiveCfg = Release|Any CPU
		{32BC8E73-E8D0-16D7-5ED0-76AAB03E04E1}.Release|Any CPU.Build.0 = Release|Any CPU
		{1D6B679A-940A-D22D-8770-7260F130CA5F}.Debug|Any CPU.ActiveCfg = Debug|Any CPU
		{1D6B679A-940A-D22D-8770-7260F130CA5F}.Debug|Any CPU.Build.0 = Debug|Any CPU
		{1D6B679A-940A-D22D-8770-7260F130CA5F}.Release|Any CPU.ActiveCfg = Release|Any CPU
		{1D6B679A-940A-D22D-8770-7260F130CA5F}.Release|Any CPU.Build.0 = Release|Any CPU
		{325F1109-DA15-2CE8-59EF-457569F41ED8}.Debug|Any CPU.ActiveCfg = Debug|Any CPU
		{325F1109-DA15-2CE8-59EF-457569F41ED8}.Debug|Any CPU.Build.0 = Debug|Any CPU
		{325F1109-DA15-2CE8-59EF-457569F41ED8}.Release|Any CPU.ActiveCfg = Release|Any CPU
		{325F1109-DA15-2CE8-59EF-457569F41ED8}.Release|Any CPU.Build.0 = Release|Any CPU
		{C7D944DB-76A5-17A9-2A68-B3B813FA20DD}.Debug|Any CPU.ActiveCfg = Debug|Any CPU
		{C7D944DB-76A5-17A9-2A68-B3B813FA20DD}.Debug|Any CPU.Build.0 = Debug|Any CPU
		{C7D944DB-76A5-17A9-2A68-B3B813FA20DD}.Release|Any CPU.ActiveCfg = Release|Any CPU
		{C7D944DB-76A5-17A9-2A68-B3B813FA20DD}.Release|Any CPU.Build.0 = Release|Any CPU
		{9168C25C-E8C5-8C24-BAF4-B9EDFEC424A6}.Debug|Any CPU.ActiveCfg = Debug|Any CPU
		{9168C25C-E8C5-8C24-BAF4-B9EDFEC424A6}.Debug|Any CPU.Build.0 = Debug|Any CPU
		{9168C25C-E8C5-8C24-BAF4-B9EDFEC424A6}.Release|Any CPU.ActiveCfg = Release|Any CPU
		{9168C25C-E8C5-8C24-BAF4-B9EDFEC424A6}.Release|Any CPU.Build.0 = Release|Any CPU
	EndGlobalSection
	GlobalSection(SolutionProperties) = preSolution
		HideSolutionNode = FALSE
	EndGlobalSection
																																																																			GlobalSection(MonoDevelopProperties) = preSolution
		StartupItem = Assembly-CSharp.csproj
		Policies = $0
		$0.TextStylePolicy = $1
		$1.inheritsSet = null
		$1.scope = text/x-csharp
		$0.CSharpFormattingPolicy = $2
		$2.inheritsSet = Mono
		$2.inheritsScope = text/x-csharp
		$2.scope = text/x-csharp
		$0.TextStylePolicy = $3
		$3.FileWidth = 120
		$3.TabWidth = 4
		$3.EolMarker = Unix
		$3.inheritsSet = Mono
		$3.inheritsScope = text/plain
		$3.scope = text/plain
	EndGlobalSection

EndGlobal
